// !$*UTF8*$!
{
	archiveVersion = 1;
	classes = {
	};
	objectVersion = 50;
	objects = {

/* Begin PBXBuildFile section */
		ED0959E921DB93FF00B6529E /* GraphView.swift in Sources */ = {isa = PBXBuildFile; fileRef = ED0959E821DB93FF00B6529E /* GraphView.swift */; };
		ED0F1AE421DCD824003E20D0 /* BackgroundView.swift in Sources */ = {isa = PBXBuildFile; fileRef = ED0F1AE321DCD824003E20D0 /* BackgroundView.swift */; };
		ED5AE83021DB4E7D002B332E /* AppDelegate.swift in Sources */ = {isa = PBXBuildFile; fileRef = ED5AE82F21DB4E7D002B332E /* AppDelegate.swift */; };
		ED5AE83221DB4E7D002B332E /* ViewController.swift in Sources */ = {isa = PBXBuildFile; fileRef = ED5AE83121DB4E7D002B332E /* ViewController.swift */; };
		ED5AE83521DB4E7D002B332E /* Main.storyboard in Resources */ = {isa = PBXBuildFile; fileRef = ED5AE83321DB4E7D002B332E /* Main.storyboard */; };
		ED5AE83721DB4E90002B332E /* Assets.xcassets in Resources */ = {isa = PBXBuildFile; fileRef = ED5AE83621DB4E90002B332E /* Assets.xcassets */; };
		ED5AE83A21DB4E90002B332E /* LaunchScreen.storyboard in Resources */ = {isa = PBXBuildFile; fileRef = ED5AE83821DB4E90002B332E /* LaunchScreen.storyboard */; };
		ED5AE84221DB66D5002B332E /* PushButton.swift in Sources */ = {isa = PBXBuildFile; fileRef = ED5AE84121DB66D5002B332E /* PushButton.swift */; };
		ED5AE84421DB7B28002B332E /* Counter.swift in Sources */ = {isa = PBXBuildFile; fileRef = ED5AE84321DB7B28002B332E /* Counter.swift */; };
/* End PBXBuildFile section */

/* Begin PBXFileReference section */
		ED0959E821DB93FF00B6529E /* GraphView.swift */ = {isa = PBXFileReference; lastKnownFileType = sourcecode.swift; path = GraphView.swift; sourceTree = "<group>"; };
		ED0F1AE321DCD824003E20D0 /* BackgroundView.swift */ = {isa = PBXFileReference; lastKnownFileType = sourcecode.swift; path = BackgroundView.swift; sourceTree = "<group>"; };
		ED5AE82C21DB4E7D002B332E /* DrinkWater.app */ = {isa = PBXFileReference; explicitFileType = wrapper.application; includeInIndex = 0; path = DrinkWater.app; sourceTree = BUILT_PRODUCTS_DIR; };
		ED5AE82F21DB4E7D002B332E /* AppDelegate.swift */ = {isa = PBXFileReference; lastKnownFileType = sourcecode.swift; path = AppDelegate.swift; sourceTree = "<group>"; };
		ED5AE83121DB4E7D002B332E /* ViewController.swift */ = {isa = PBXFileReference; lastKnownFileType = sourcecode.swift; path = ViewController.swift; sourceTree = "<group>"; };
		ED5AE83421DB4E7D002B332E /* Base */ = {isa = PBXFileReference; lastKnownFileType = file.storyboard; name = Base; path = Base.lproj/Main.storyboard; sourceTree = "<group>"; };
		ED5AE83621DB4E90002B332E /* Assets.xcassets */ = {isa = PBXFileReference; lastKnownFileType = folder.assetcatalog; path = Assets.xcassets; sourceTree = "<group>"; };
		ED5AE83921DB4E90002B332E /* Base */ = {isa = PBXFileReference; lastKnownFileType = file.storyboard; name = Base; path = Base.lproj/LaunchScreen.storyboard; sourceTree = "<group>"; };
		ED5AE83B21DB4E90002B332E /* Info.plist */ = {isa = PBXFileReference; lastKnownFileType = text.plist.xml; path = Info.plist; sourceTree = "<group>"; };
		ED5AE84121DB66D5002B332E /* PushButton.swift */ = {isa = PBXFileReference; lastKnownFileType = sourcecode.swift; path = PushButton.swift; sourceTree = "<group>"; };
		ED5AE84321DB7B28002B332E /* Counter.swift */ = {isa = PBXFileReference; lastKnownFileType = sourcecode.swift; path = Counter.swift; sourceTree = "<group>"; };
/* End PBXFileReference section */

/* Begin PBXFrameworksBuildPhase section */
		ED5AE82921DB4E7D002B332E /* Frameworks */ = {
			isa = PBXFrameworksBuildPhase;
			buildActionMask = 2147483647;
			files = (
			);
			runOnlyForDeploymentPostprocessing = 0;
		};
/* End PBXFrameworksBuildPhase section */

/* Begin PBXGroup section */
		ED5AE82321DB4E7D002B332E = {
			isa = PBXGroup;
			children = (
				ED5AE82E21DB4E7D002B332E /* DrinkWater */,
				ED5AE82D21DB4E7D002B332E /* Products */,
			);
			sourceTree = "<group>";
		};
		ED5AE82D21DB4E7D002B332E /* Products */ = {
			isa = PBXGroup;
			children = (
				ED5AE82C21DB4E7D002B332E /* DrinkWater.app */,
			);
			name = Products;
			sourceTree = "<group>";
		};
		ED5AE82E21DB4E7D002B332E /* DrinkWater */ = {
			isa = PBXGroup;
			children = (
				ED5AE82F21DB4E7D002B332E /* AppDelegate.swift */,
				ED5AE83121DB4E7D002B332E /* ViewController.swift */,
				ED5AE83321DB4E7D002B332E /* Main.storyboard */,
				ED5AE83621DB4E90002B332E /* Assets.xcassets */,
				ED5AE83821DB4E90002B332E /* LaunchScreen.storyboard */,
				ED5AE83B21DB4E90002B332E /* Info.plist */,
				ED5AE84121DB66D5002B332E /* PushButton.swift */,
				ED5AE84321DB7B28002B332E /* Counter.swift */,
				ED0959E821DB93FF00B6529E /* GraphView.swift */,
				ED0F1AE321DCD824003E20D0 /* BackgroundView.swift */,
			);
			path = DrinkWater;
			sourceTree = "<group>";
		};
/* End PBXGroup section */

/* Begin PBXNativeTarget section */
		ED5AE82B21DB4E7D002B332E /* DrinkWater */ = {
			isa = PBXNativeTarget;
			buildConfigurationList = ED5AE83E21DB4E90002B332E /* Build configuration list for PBXNativeTarget "DrinkWater" */;
			buildPhases = (
				ED5AE82821DB4E7D002B332E /* Sources */,
				ED5AE82921DB4E7D002B332E /* Frameworks */,
				ED5AE82A21DB4E7D002B332E /* Resources */,
			);
			buildRules = (
			);
			dependencies = (
			);
			name = DrinkWater;
			productName = DrinkWater;
			productReference = ED5AE82C21DB4E7D002B332E /* DrinkWater.app */;
			productType = "com.apple.product-type.application";
		};
/* End PBXNativeTarget section */

/* Begin PBXProject section */
		ED5AE82421DB4E7D002B332E /* Project object */ = {
			isa = PBXProject;
			attributes = {
				LastSwiftUpdateCheck = 1010;
				LastUpgradeCheck = 1010;
				ORGANIZATIONNAME = "Anand Suthar";
				TargetAttributes = {
					ED5AE82B21DB4E7D002B332E = {
						CreatedOnToolsVersion = 10.1;
					};
				};
			};
			buildConfigurationList = ED5AE82721DB4E7D002B332E /* Build configuration list for PBXProject "DrinkWater" */;
			compatibilityVersion = "Xcode 9.3";
			developmentRegion = en;
			hasScannedForEncodings = 0;
			knownRegions = (
				en,
				Base,
			);
			mainGroup = ED5AE82321DB4E7D002B332E;
			productRefGroup = ED5AE82D21DB4E7D002B332E /* Products */;
			projectDirPath = "";
			projectRoot = "";
			targets = (
				ED5AE82B21DB4E7D002B332E /* DrinkWater */,
			);
		};
/* End PBXProject section */

/* Begin PBXResourcesBuildPhase section */
		ED5AE82A21DB4E7D002B332E /* Resources */ = {
			isa = PBXResourcesBuildPhase;
			buildActionMask = 2147483647;
			files = (
				ED5AE83A21DB4E90002B332E /* LaunchScreen.storyboard in Resources */,
				ED5AE83721DB4E90002B332E /* Assets.xcassets in Resources */,
				ED5AE83521DB4E7D002B332E /* Main.storyboard in Resources */,
			);
			runOnlyForDeploymentPostprocessing = 0;
		};
/* End PBXResourcesBuildPhase section */

/* Begin PBXSourcesBuildPhase section */
		ED5AE82821DB4E7D002B332E /* Sources */ = {
			isa = PBXSourcesBuildPhase;
			buildActionMask = 2147483647;
			files = (
				ED0F1AE421DCD824003E20D0 /* BackgroundView.swift in Sources */,
				ED0959E921DB93FF00B6529E /* GraphView.swift in Sources */,
				ED5AE84421DB7B28002B332E /* Counter.swift in Sources */,
				ED5AE83221DB4E7D002B332E /* ViewController.swift in Sources */,
				ED5AE83021DB4E7D002B332E /* AppDelegate.swift in Sources */,
				ED5AE84221DB66D5002B332E /* PushButton.swift in Sources */,
			);
			runOnlyForDeploymentPostprocessing = 0;
		};
/* End PBXSourcesBuildPhase section */

/* Begin PBXVariantGroup section */
		ED5AE83321DB4E7D002B332E /* Main.storyboard */ = {
			isa = PBXVariantGroup;
			children = (
				ED5AE83421DB4E7D002B332E /* Base */,
			);
			name = Main.storyboard;
			sourceTree = "<group>";
		};
		ED5AE83821DB4E90002B332E /* LaunchScreen.storyboard */ = {
			isa = PBXVariantGroup;
			children = (
				ED5AE83921DB4E90002B332E /* Base */,
			);
			name = LaunchScreen.storyboard;
			sourceTree = "<group>";
		};
/* End PBXVariantGroup section */

/* Begin XCBuildConfiguration section */
		ED5AE83C21DB4E90002B332E /* Debug */ = {
			isa = XCBuildConfiguration;
			buildSettings = {
				ALWAYS_SEARCH_USER_PATHS = NO;
				CLANG_ANALYZER_NONNULL = YES;
				CLANG_ANALYZER_NUMBER_OBJECT_CONVERSION = YES_AGGRESSIVE;
				CLANG_CXX_LANGUAGE_STANDARD = "gnu++14";
				CLANG_CXX_LIBRARY = "libc++";
				CLANG_ENABLE_MODULES = YES;
				CLANG_ENABLE_OBJC_ARC = YES;
				CLANG_ENABLE_OBJC_WEAK = YES;
				CLANG_WARN_BLOCK_CAPTURE_AUTORELEASING = YES;
				CLANG_WARN_BOOL_CONVERSION = YES;
				CLANG_WARN_COMMA = YES;
				CLANG_WARN_CONSTANT_CONVERSION = YES;
				CLANG_WARN_DEPRECATED_OBJC_IMPLEMENTATIONS = YES;
				CLANG_WARN_DIRECT_OBJC_ISA_USAGE = YES_ERROR;
				CLANG_WARN_DOCUMENTATION_COMMENTS = YES;
				CLANG_WARN_EMPTY_BODY = YES;
				CLANG_WARN_ENUM_CONVERSION = YES;
				CLANG_WARN_INFINITE_RECURSION = YES;
				CLANG_WARN_INT_CONVERSION = YES;
				CLANG_WARN_NON_LITERAL_NULL_CONVERSION = YES;
				CLANG_WARN_OBJC_IMPLICIT_RETAIN_SELF = YES;
				CLANG_WARN_OBJC_LITERAL_CONVERSION = YES;
				CLANG_WARN_OBJC_ROOT_CLASS = YES_ERROR;
				CLANG_WARN_RANGE_LOOP_ANALYSIS = YES;
				CLANG_WARN_STRICT_PROTOTYPES = YES;
				CLANG_WARN_SUSPICIOUS_MOVE = YES;
				CLANG_WARN_UNGUARDED_AVAILABILITY = YES_AGGRESSIVE;
				CLANG_WARN_UNREACHABLE_CODE = YES;
				CLANG_WARN__DUPLICATE_METHOD_MATCH = YES;
				CODE_SIGN_IDENTITY = "iPhone Developer";
				COPY_PHASE_STRIP = NO;
				DEBUG_INFORMATION_FORMAT = dwarf;
				ENABLE_STRICT_OBJC_MSGSEND = YES;
				ENABLE_TESTABILITY = YES;
				GCC_C_LANGUAGE_STANDARD = gnu11;
				GCC_DYNAMIC_NO_PIC = NO;
				GCC_NO_COMMON_BLOCKS = YES;
				GCC_OPTIMIZATION_LEVEL = 0;
				GCC_PREPROCESSOR_DEFINITIONS = (
					"DEBUG=1",
					"$(inherited)",
				);
				GCC_WARN_64_TO_32_BIT_CONVERSION = YES;
				GCC_WARN_ABOUT_RETURN_TYPE = YES_ERROR;
				GCC_WARN_UNDECLARED_SELECTOR = YES;
				GCC_WARN_UNINITIALIZED_AUTOS = YES_AGGRESSIVE;
				GCC_WARN_UNUSED_FUNCTION = YES;
				GCC_WARN_UNUSED_VARIABLE = YES;
				IPHONEOS_DEPLOYMENT_TARGET = 12.1;
				MTL_ENABLE_DEBUG_INFO = INCLUDE_SOURCE;
				MTL_FAST_MATH = YES;
				ONLY_ACTIVE_ARCH = YES;
				SDKROOT = iphoneos;
				SWIFT_ACTIVE_COMPILATION_CONDITIONS = DEBUG;
				SWIFT_OPTIMIZATION_LEVEL = "-Onone";
			};
			name = Debug;
		};
		ED5AE83D21DB4E90002B332E /* Release */ = {
			isa = XCBuildConfiguration;
			buildSettings = {
				ALWAYS_SEARCH_USER_PATHS = NO;
				CLANG_ANALYZER_NONNULL = YES;
				CLANG_ANALYZER_NUMBER_OBJECT_CONVERSION = YES_AGGRESSIVE;
				CLANG_CXX_LANGUAGE_STANDARD = "gnu++14";
				CLANG_CXX_LIBRARY = "libc++";
				CLANG_ENABLE_MODULES = YES;
				CLANG_ENABLE_OBJC_ARC = YES;
				CLANG_ENABLE_OBJC_WEAK = YES;
				CLANG_WARN_BLOCK_CAPTURE_AUTORELEASING = YES;
				CLANG_WARN_BOOL_CONVERSION = YES;
				CLANG_WARN_COMMA = YES;
				CLANG_WARN_CONSTANT_CONVERSION = YES;
				CLANG_WARN_DEPRECATED_OBJC_IMPLEMENTATIONS = YES;
				CLANG_WARN_DIRECT_OBJC_ISA_USAGE = YES_ERROR;
				CLANG_WARN_DOCUMENTATION_COMMENTS = YES;
				CLANG_WARN_EMPTY_BODY = YES;
				CLANG_WARN_ENUM_CONVERSION = YES;
				CLANG_WARN_INFINITE_RECURSION = YES;
				CLANG_WARN_INT_CONVERSION = YES;
				CLANG_WARN_NON_LITERAL_NULL_CONVERSION = YES;
				CLANG_WARN_OBJC_IMPLICIT_RETAIN_SELF = YES;
				CLANG_WARN_OBJC_LITERAL_CONVERSION = YES;
				CLANG_WARN_OBJC_ROOT_CLASS = YES_ERROR;
				CLANG_WARN_RANGE_LOOP_ANALYSIS = YES;
				CLANG_WARN_STRICT_PROTOTYPES = YES;
				CLANG_WARN_SUSPICIOUS_MOVE = YES;
				CLANG_WARN_UNGUARDED_AVAILABILITY = YES_AGGRESSIVE;
				CLANG_WARN_UNREACHABLE_CODE = YES;
				CLANG_WARN__DUPLICATE_METHOD_MATCH = YES;
				CODE_SIGN_IDENTITY = "iPhone Developer";
				COPY_PHASE_STRIP = NO;
				DEBUG_INFORMATION_FORMAT = "dwarf-with-dsym";
				ENABLE_NS_ASSERTIONS = NO;
				ENABLE_STRICT_OBJC_MSGSEND = YES;
				GCC_C_LANGUAGE_STANDARD = gnu11;
				GCC_NO_COMMON_BLOCKS = YES;
				GCC_WARN_64_TO_32_BIT_CONVERSION = YES;
				GCC_WARN_ABOUT_RETURN_TYPE = YES_ERROR;
				GCC_WARN_UNDECLARED_SELECTOR = YES;
				GCC_WARN_UNINITIALIZED_AUTOS = YES_AGGRESSIVE;
				GCC_WARN_UNUSED_FUNCTION = YES;
				GCC_WARN_UNUSED_VARIABLE = YES;
				IPHONEOS_DEPLOYMENT_TARGET = 12.1;
				MTL_ENABLE_DEBUG_INFO = NO;
				MTL_FAST_MATH = YES;
				SDKROOT = iphoneos;
				SWIFT_COMPILATION_MODE = wholemodule;
				SWIFT_OPTIMIZATION_LEVEL = "-O";
				VALIDATE_PRODUCT = YES;
			};
			name = Release;
		};
		ED5AE83F21DB4E90002B332E /* Debug */ = {
			isa = XCBuildConfiguration;
			buildSettings = {
				ASSETCATALOG_COMPILER_APPICON_NAME = AppIcon;
				CODE_SIGN_STYLE = Automatic;
				DEVELOPMENT_TEAM = WC72QNYT4F;
				INFOPLIST_FILE = DrinkWater/Info.plist;
				LD_RUNPATH_SEARCH_PATHS = (
					"$(inherited)",
					"@executable_path/Frameworks",
				);
				PRODUCT_BUNDLE_IDENTIFIER = sunarc.DrinkWater;
				PRODUCT_NAME = "$(TARGET_NAME)";
				SWIFT_VERSION = 4.2;
				TARGETED_DEVICE_FAMILY = "1,2";
			};
			name = Debug;
		};
		ED5AE84021DB4E90002B332E /* Release */ = {
			isa = XCBuildConfiguration;
			buildSettings = {
				ASSETCATALOG_COMPILER_APPICON_NAME = AppIcon;
				CODE_SIGN_STYLE = Automatic;
				DEVELOPMENT_TEAM = WC72QNYT4F;
				INFOPLIST_FILE = DrinkWater/Info.plist;
				LD_RUNPATH_SEARCH_PATHS = (
					"$(inherited)",
					"@executable_path/Frameworks",
				);
				PRODUCT_BUNDLE_IDENTIFIER = sunarc.DrinkWater;
				PRODUCT_NAME = "$(TARGET_NAME)";
				SWIFT_VERSION = 4.2;
				TARGETED_DEVICE_FAMILY = "1,2";
			};
			name = Release;
		};
/* End XCBuildConfiguration section */

/* Begin XCConfigurationList section */
		ED5AE82721DB4E7D002B332E /* Build configuration list for PBXProject "DrinkWater" */ = {
			isa = XCConfigurationList;
			buildConfigurations = (
				ED5AE83C21DB4E90002B332E /* Debug */,
				ED5AE83D21DB4E90002B332E /* Release */,
			);
			defaultConfigurationIsVisible = 0;
			defaultConfigurationName = Release;
		};
		ED5AE83E21DB4E90002B332E /* Build configuration list for PBXNativeTarget "DrinkWater" */ = {
			isa = XCConfigurationList;
			buildConfigurations = (
				ED5AE83F21DB4E90002B332E /* Debug */,
				ED5AE84021DB4E90002B332E /* Release */,
			);
			defaultConfigurationIsVisible = 0;
			defaultConfigurationName = Release;
		};
/* End XCConfigurationList section */
	};
	rootObject = ED5AE82421DB4E7D002B332E /* Project object */;
}
