// !$*UTF8*$!
{
	archiveVersion = 1;
	classes = {
	};
	objectVersion = 50;
	objects = {

/* Begin PBXBuildFile section */
		22A1233AE78E9148620EFC9A /* Pods_CoreDataa.framework in Frameworks */ = {isa = PBXBuildFile; fileRef = 794102DA7C2BE5995C5C3A0B /* Pods_CoreDataa.framework */; };
		C7874BB621AEAC7D00A487EA /* AppDelegate.swift in Sources */ = {isa = PBXBuildFile; fileRef = C7874BB521AEAC7D00A487EA /* AppDelegate.swift */; };
		C7874BB821AEAC7D00A487EA /* ViewController.swift in Sources */ = {isa = PBXBuildFile; fileRef = C7874BB721AEAC7D00A487EA /* ViewController.swift */; };
		C7874BBB21AEAC7D00A487EA /* Main.storyboard in Resources */ = {isa = PBXBuildFile; fileRef = C7874BB921AEAC7D00A487EA /* Main.storyboard */; };
		C7874BBD21AEAC8800A487EA /* Assets.xcassets in Resources */ = {isa = PBXBuildFile; fileRef = C7874BBC21AEAC8800A487EA /* Assets.xcassets */; };
		C7874BC021AEAC8800A487EA /* LaunchScreen.storyboard in Resources */ = {isa = PBXBuildFile; fileRef = C7874BBE21AEAC8800A487EA /* LaunchScreen.storyboard */; };
		C7927EB921AEAE3200F8C3A6 /* RealmClasses.swift in Sources */ = {isa = PBXBuildFile; fileRef = C7927EB821AEAE3200F8C3A6 /* RealmClasses.swift */; };
		C7927EBB21AEB2B000F8C3A6 /* RealmExt.swift in Sources */ = {isa = PBXBuildFile; fileRef = C7927EBA21AEB2B000F8C3A6 /* RealmExt.swift */; };
		C7927EBD21AEB2CE00F8C3A6 /* DB.swift in Sources */ = {isa = PBXBuildFile; fileRef = C7927EBC21AEB2CE00F8C3A6 /* DB.swift */; };
		C7927EBF21AEB72700F8C3A6 /* mealss.json in Resources */ = {isa = PBXBuildFile; fileRef = C7927EBE21AEB72700F8C3A6 /* mealss.json */; };
/* End PBXBuildFile section */

/* Begin PBXFileReference section */
		41AC979398043D96838DC8DE /* Pods-CoreDataa.debug.xcconfig */ = {isa = PBXFileReference; includeInIndex = 1; lastKnownFileType = text.xcconfig; name = "Pods-CoreDataa.debug.xcconfig"; path = "Pods/Target Support Files/Pods-CoreDataa/Pods-CoreDataa.debug.xcconfig"; sourceTree = "<group>"; };
		794102DA7C2BE5995C5C3A0B /* Pods_CoreDataa.framework */ = {isa = PBXFileReference; explicitFileType = wrapper.framework; includeInIndex = 0; path = Pods_CoreDataa.framework; sourceTree = BUILT_PRODUCTS_DIR; };
		AE293F68DB2002636A4B5E26 /* Pods-CoreDataa.release.xcconfig */ = {isa = PBXFileReference; includeInIndex = 1; lastKnownFileType = text.xcconfig; name = "Pods-CoreDataa.release.xcconfig"; path = "Pods/Target Support Files/Pods-CoreDataa/Pods-CoreDataa.release.xcconfig"; sourceTree = "<group>"; };
		C7874BB221AEAC7D00A487EA /* CoreDataa.app */ = {isa = PBXFileReference; explicitFileType = wrapper.application; includeInIndex = 0; path = CoreDataa.app; sourceTree = BUILT_PRODUCTS_DIR; };
		C7874BB521AEAC7D00A487EA /* AppDelegate.swift */ = {isa = PBXFileReference; lastKnownFileType = sourcecode.swift; path = AppDelegate.swift; sourceTree = "<group>"; };
		C7874BB721AEAC7D00A487EA /* ViewController.swift */ = {isa = PBXFileReference; lastKnownFileType = sourcecode.swift; path = ViewController.swift; sourceTree = "<group>"; };
		C7874BBA21AEAC7D00A487EA /* Base */ = {isa = PBXFileReference; lastKnownFileType = file.storyboard; name = Base; path = Base.lproj/Main.storyboard; sourceTree = "<group>"; };
		C7874BBC21AEAC8800A487EA /* Assets.xcassets */ = {isa = PBXFileReference; lastKnownFileType = folder.assetcatalog; path = Assets.xcassets; sourceTree = "<group>"; };
		C7874BBF21AEAC8800A487EA /* Base */ = {isa = PBXFileReference; lastKnownFileType = file.storyboard; name = Base; path = Base.lproj/LaunchScreen.storyboard; sourceTree = "<group>"; };
		C7874BC121AEAC8800A487EA /* Info.plist */ = {isa = PBXFileReference; lastKnownFileType = text.plist.xml; path = Info.plist; sourceTree = "<group>"; };
		C7927EB821AEAE3200F8C3A6 /* RealmClasses.swift */ = {isa = PBXFileReference; lastKnownFileType = sourcecode.swift; path = RealmClasses.swift; sourceTree = "<group>"; };
		C7927EBA21AEB2B000F8C3A6 /* RealmExt.swift */ = {isa = PBXFileReference; lastKnownFileType = sourcecode.swift; path = RealmExt.swift; sourceTree = "<group>"; };
		C7927EBC21AEB2CE00F8C3A6 /* DB.swift */ = {isa = PBXFileReference; lastKnownFileType = sourcecode.swift; path = DB.swift; sourceTree = "<group>"; };
		C7927EBE21AEB72700F8C3A6 /* mealss.json */ = {isa = PBXFileReference; lastKnownFileType = text.json; path = mealss.json; sourceTree = "<group>"; };
/* End PBXFileReference section */

/* Begin PBXFrameworksBuildPhase section */
		C7874BAF21AEAC7D00A487EA /* Frameworks */ = {
			isa = PBXFrameworksBuildPhase;
			buildActionMask = 2147483647;
			files = (
				22A1233AE78E9148620EFC9A /* Pods_CoreDataa.framework in Frameworks */,
			);
			runOnlyForDeploymentPostprocessing = 0;
		};
/* End PBXFrameworksBuildPhase section */

/* Begin PBXGroup section */
		19B4F61181A973448DA08E93 /* Frameworks */ = {
			isa = PBXGroup;
			children = (
				794102DA7C2BE5995C5C3A0B /* Pods_CoreDataa.framework */,
			);
			name = Frameworks;
			sourceTree = "<group>";
		};
		735DC192B2751AC9FFC50EE0 /* Pods */ = {
			isa = PBXGroup;
			children = (
				41AC979398043D96838DC8DE /* Pods-CoreDataa.debug.xcconfig */,
				AE293F68DB2002636A4B5E26 /* Pods-CoreDataa.release.xcconfig */,
			);
			name = Pods;
			sourceTree = "<group>";
		};
		C7874BA921AEAC7D00A487EA = {
			isa = PBXGroup;
			children = (
				C7874BB421AEAC7D00A487EA /* CoreDataa */,
				C7874BB321AEAC7D00A487EA /* Products */,
				735DC192B2751AC9FFC50EE0 /* Pods */,
				19B4F61181A973448DA08E93 /* Frameworks */,
			);
			sourceTree = "<group>";
		};
		C7874BB321AEAC7D00A487EA /* Products */ = {
			isa = PBXGroup;
			children = (
				C7874BB221AEAC7D00A487EA /* CoreDataa.app */,
			);
			name = Products;
			sourceTree = "<group>";
		};
		C7874BB421AEAC7D00A487EA /* CoreDataa */ = {
			isa = PBXGroup;
			children = (
				C7874BB521AEAC7D00A487EA /* AppDelegate.swift */,
				C7874BB721AEAC7D00A487EA /* ViewController.swift */,
				C7927EB821AEAE3200F8C3A6 /* RealmClasses.swift */,
				C7927EBA21AEB2B000F8C3A6 /* RealmExt.swift */,
				C7927EBC21AEB2CE00F8C3A6 /* DB.swift */,
				C7874BB921AEAC7D00A487EA /* Main.storyboard */,
				C7874BBC21AEAC8800A487EA /* Assets.xcassets */,
				C7874BBE21AEAC8800A487EA /* LaunchScreen.storyboard */,
				C7874BC121AEAC8800A487EA /* Info.plist */,
				C7927EBE21AEB72700F8C3A6 /* mealss.json */,
			);
			path = CoreDataa;
			sourceTree = "<group>";
		};
/* End PBXGroup section */

/* Begin PBXNativeTarget section */
		C7874BB121AEAC7D00A487EA /* CoreDataa */ = {
			isa = PBXNativeTarget;
			buildConfigurationList = C7874BC421AEAC8800A487EA /* Build configuration list for PBXNativeTarget "CoreDataa" */;
			buildPhases = (
				35B10F2C4130870759F61BE9 /* [CP] Check Pods Manifest.lock */,
				C7874BAE21AEAC7D00A487EA /* Sources */,
				C7874BAF21AEAC7D00A487EA /* Frameworks */,
				C7874BB021AEAC7D00A487EA /* Resources */,
				733EC1981C66291DCB3960A7 /* [CP] Embed Pods Frameworks */,
			);
			buildRules = (
			);
			dependencies = (
			);
			name = CoreDataa;
			productName = CoreDataa;
			productReference = C7874BB221AEAC7D00A487EA /* CoreDataa.app */;
			productType = "com.apple.product-type.application";
		};
/* End PBXNativeTarget section */

/* Begin PBXProject section */
		C7874BAA21AEAC7D00A487EA /* Project object */ = {
			isa = PBXProject;
			attributes = {
				LastSwiftUpdateCheck = 1010;
				LastUpgradeCheck = 1010;
				ORGANIZATIONNAME = SunARcTech2;
				TargetAttributes = {
					C7874BB121AEAC7D00A487EA = {
						CreatedOnToolsVersion = 10.1;
					};
				};
			};
			buildConfigurationList = C7874BAD21AEAC7D00A487EA /* Build configuration list for PBXProject "CoreDataa" */;
			compatibilityVersion = "Xcode 9.3";
			developmentRegion = en;
			hasScannedForEncodings = 0;
			knownRegions = (
				en,
				Base,
			);
			mainGroup = C7874BA921AEAC7D00A487EA;
			productRefGroup = C7874BB321AEAC7D00A487EA /* Products */;
			projectDirPath = "";
			projectRoot = "";
			targets = (
				C7874BB121AEAC7D00A487EA /* CoreDataa */,
			);
		};
/* End PBXProject section */

/* Begin PBXResourcesBuildPhase section */
		C7874BB021AEAC7D00A487EA /* Resources */ = {
			isa = PBXResourcesBuildPhase;
			buildActionMask = 2147483647;
			files = (
				C7927EBF21AEB72700F8C3A6 /* mealss.json in Resources */,
				C7874BC021AEAC8800A487EA /* LaunchScreen.storyboard in Resources */,
				C7874BBD21AEAC8800A487EA /* Assets.xcassets in Resources */,
				C7874BBB21AEAC7D00A487EA /* Main.storyboard in Resources */,
			);
			runOnlyForDeploymentPostprocessing = 0;
		};
/* End PBXResourcesBuildPhase section */

/* Begin PBXShellScriptBuildPhase section */
		35B10F2C4130870759F61BE9 /* [CP] Check Pods Manifest.lock */ = {
			isa = PBXShellScriptBuildPhase;
			buildActionMask = 2147483647;
			files = (
			);
			inputFileListPaths = (
			);
			inputPaths = (
				"${PODS_PODFILE_DIR_PATH}/Podfile.lock",
				"${PODS_ROOT}/Manifest.lock",
			);
			name = "[CP] Check Pods Manifest.lock";
			outputFileListPaths = (
			);
			outputPaths = (
				"$(DERIVED_FILE_DIR)/Pods-CoreDataa-checkManifestLockResult.txt",
			);
			runOnlyForDeploymentPostprocessing = 0;
			shellPath = /bin/sh;
			shellScript = "diff \"${PODS_PODFILE_DIR_PATH}/Podfile.lock\" \"${PODS_ROOT}/Manifest.lock\" > /dev/null\nif [ $? != 0 ] ; then\n    # print error to STDERR\n    echo \"error: The sandbox is not in sync with the Podfile.lock. Run 'pod install' or update your CocoaPods installation.\" >&2\n    exit 1\nfi\n# This output is used by Xcode 'outputs' to avoid re-running this script phase.\necho \"SUCCESS\" > \"${SCRIPT_OUTPUT_FILE_0}\"\n";
			showEnvVarsInLog = 0;
		};
		733EC1981C66291DCB3960A7 /* [CP] Embed Pods Frameworks */ = {
			isa = PBXShellScriptBuildPhase;
			buildActionMask = 2147483647;
			files = (
			);
			inputFileListPaths = (
			);
			inputPaths = (
				"${SRCROOT}/Pods/Target Support Files/Pods-CoreDataa/Pods-CoreDataa-frameworks.sh",
				"${BUILT_PRODUCTS_DIR}/Realm/Realm.framework",
				"${BUILT_PRODUCTS_DIR}/RealmSwift/RealmSwift.framework",
			);
			name = "[CP] Embed Pods Frameworks";
			outputFileListPaths = (
			);
			outputPaths = (
				"${TARGET_BUILD_DIR}/${FRAMEWORKS_FOLDER_PATH}/Realm.framework",
				"${TARGET_BUILD_DIR}/${FRAMEWORKS_FOLDER_PATH}/RealmSwift.framework",
			);
			runOnlyForDeploymentPostprocessing = 0;
			shellPath = /bin/sh;
			shellScript = "\"${SRCROOT}/Pods/Target Support Files/Pods-CoreDataa/Pods-CoreDataa-frameworks.sh\"\n";
			showEnvVarsInLog = 0;
		};
/* End PBXShellScriptBuildPhase section */

/* Begin PBXSourcesBuildPhase section */
		C7874BAE21AEAC7D00A487EA /* Sources */ = {
			isa = PBXSourcesBuildPhase;
			buildActionMask = 2147483647;
			files = (
				C7874BB821AEAC7D00A487EA /* ViewController.swift in Sources */,
				C7927EB921AEAE3200F8C3A6 /* RealmClasses.swift in Sources */,
				C7874BB621AEAC7D00A487EA /* AppDelegate.swift in Sources */,
				C7927EBD21AEB2CE00F8C3A6 /* DB.swift in Sources */,
				C7927EBB21AEB2B000F8C3A6 /* RealmExt.swift in Sources */,
			);
			runOnlyForDeploymentPostprocessing = 0;
		};
/* End PBXSourcesBuildPhase section */

/* Begin PBXVariantGroup section */
		C7874BB921AEAC7D00A487EA /* Main.storyboard */ = {
			isa = PBXVariantGroup;
			children = (
				C7874BBA21AEAC7D00A487EA /* Base */,
			);
			name = Main.storyboard;
			sourceTree = "<group>";
		};
		C7874BBE21AEAC8800A487EA /* LaunchScreen.storyboard */ = {
			isa = PBXVariantGroup;
			children = (
				C7874BBF21AEAC8800A487EA /* Base */,
			);
			name = LaunchScreen.storyboard;
			sourceTree = "<group>";
		};
/* End PBXVariantGroup section */

/* Begin XCBuildConfiguration section */
		C7874BC221AEAC8800A487EA /* Debug */ = {
			isa = XCBuildConfiguration;
			buildSettings = {
				ALWAYS_SEARCH_USER_PATHS = NO;
				CLANG_ANALYZER_NONNULL = YES;
				CLANG_ANALYZER_NUMBER_OBJECT_CONVERSION = YES_AGGRESSIVE;
				CLANG_CXX_LANGUAGE_STANDARD = "gnu++14";
				CLANG_CXX_LIBRARY = "libc++";
				CLANG_ENABLE_MODULES = YES;
				CLANG_ENABLE_OBJC_ARC = YES;
				CLANG_ENABLE_OBJC_WEAK = YES;
				CLANG_WARN_BLOCK_CAPTURE_AUTORELEASING = YES;
				CLANG_WARN_BOOL_CONVERSION = YES;
				CLANG_WARN_COMMA = YES;
				CLANG_WARN_CONSTANT_CONVERSION = YES;
				CLANG_WARN_DEPRECATED_OBJC_IMPLEMENTATIONS = YES;
				CLANG_WARN_DIRECT_OBJC_ISA_USAGE = YES_ERROR;
				CLANG_WARN_DOCUMENTATION_COMMENTS = YES;
				CLANG_WARN_EMPTY_BODY = YES;
				CLANG_WARN_ENUM_CONVERSION = YES;
				CLANG_WARN_INFINITE_RECURSION = YES;
				CLANG_WARN_INT_CONVERSION = YES;
				CLANG_WARN_NON_LITERAL_NULL_CONVERSION = YES;
				CLANG_WARN_OBJC_IMPLICIT_RETAIN_SELF = YES;
				CLANG_WARN_OBJC_LITERAL_CONVERSION = YES;
				CLANG_WARN_OBJC_ROOT_CLASS = YES_ERROR;
				CLANG_WARN_RANGE_LOOP_ANALYSIS = YES;
				CLANG_WARN_STRICT_PROTOTYPES = YES;
				CLANG_WARN_SUSPICIOUS_MOVE = YES;
				CLANG_WARN_UNGUARDED_AVAILABILITY = YES_AGGRESSIVE;
				CLANG_WARN_UNREACHABLE_CODE = YES;
				CLANG_WARN__DUPLICATE_METHOD_MATCH = YES;
				CODE_SIGN_IDENTITY = "iPhone Developer";
				COPY_PHASE_STRIP = NO;
				DEBUG_INFORMATION_FORMAT = dwarf;
				ENABLE_STRICT_OBJC_MSGSEND = YES;
				ENABLE_TESTABILITY = YES;
				GCC_C_LANGUAGE_STANDARD = gnu11;
				GCC_DYNAMIC_NO_PIC = NO;
				GCC_NO_COMMON_BLOCKS = YES;
				GCC_OPTIMIZATION_LEVEL = 0;
				GCC_PREPROCESSOR_DEFINITIONS = (
					"DEBUG=1",
					"$(inherited)",
				);
				GCC_WARN_64_TO_32_BIT_CONVERSION = YES;
				GCC_WARN_ABOUT_RETURN_TYPE = YES_ERROR;
				GCC_WARN_UNDECLARED_SELECTOR = YES;
				GCC_WARN_UNINITIALIZED_AUTOS = YES_AGGRESSIVE;
				GCC_WARN_UNUSED_FUNCTION = YES;
				GCC_WARN_UNUSED_VARIABLE = YES;
				IPHONEOS_DEPLOYMENT_TARGET = 12.1;
				MTL_ENABLE_DEBUG_INFO = INCLUDE_SOURCE;
				MTL_FAST_MATH = YES;
				ONLY_ACTIVE_ARCH = YES;
				SDKROOT = iphoneos;
				SWIFT_ACTIVE_COMPILATION_CONDITIONS = DEBUG;
				SWIFT_OPTIMIZATION_LEVEL = "-Onone";
			};
			name = Debug;
		};
		C7874BC321AEAC8800A487EA /* Release */ = {
			isa = XCBuildConfiguration;
			buildSettings = {
				ALWAYS_SEARCH_USER_PATHS = NO;
				CLANG_ANALYZER_NONNULL = YES;
				CLANG_ANALYZER_NUMBER_OBJECT_CONVERSION = YES_AGGRESSIVE;
				CLANG_CXX_LANGUAGE_STANDARD = "gnu++14";
				CLANG_CXX_LIBRARY = "libc++";
				CLANG_ENABLE_MODULES = YES;
				CLANG_ENABLE_OBJC_ARC = YES;
				CLANG_ENABLE_OBJC_WEAK = YES;
				CLANG_WARN_BLOCK_CAPTURE_AUTORELEASING = YES;
				CLANG_WARN_BOOL_CONVERSION = YES;
				CLANG_WARN_COMMA = YES;
				CLANG_WARN_CONSTANT_CONVERSION = YES;
				CLANG_WARN_DEPRECATED_OBJC_IMPLEMENTATIONS = YES;
				CLANG_WARN_DIRECT_OBJC_ISA_USAGE = YES_ERROR;
				CLANG_WARN_DOCUMENTATION_COMMENTS = YES;
				CLANG_WARN_EMPTY_BODY = YES;
				CLANG_WARN_ENUM_CONVERSION = YES;
				CLANG_WARN_INFINITE_RECURSION = YES;
				CLANG_WARN_INT_CONVERSION = YES;
				CLANG_WARN_NON_LITERAL_NULL_CONVERSION = YES;
				CLANG_WARN_OBJC_IMPLICIT_RETAIN_SELF = YES;
				CLANG_WARN_OBJC_LITERAL_CONVERSION = YES;
				CLANG_WARN_OBJC_ROOT_CLASS = YES_ERROR;
				CLANG_WARN_RANGE_LOOP_ANALYSIS = YES;
				CLANG_WARN_STRICT_PROTOTYPES = YES;
				CLANG_WARN_SUSPICIOUS_MOVE = YES;
				CLANG_WARN_UNGUARDED_AVAILABILITY = YES_AGGRESSIVE;
				CLANG_WARN_UNREACHABLE_CODE = YES;
				CLANG_WARN__DUPLICATE_METHOD_MATCH = YES;
				CODE_SIGN_IDENTITY = "iPhone Developer";
				COPY_PHASE_STRIP = NO;
				DEBUG_INFORMATION_FORMAT = "dwarf-with-dsym";
				ENABLE_NS_ASSERTIONS = NO;
				ENABLE_STRICT_OBJC_MSGSEND = YES;
				GCC_C_LANGUAGE_STANDARD = gnu11;
				GCC_NO_COMMON_BLOCKS = YES;
				GCC_WARN_64_TO_32_BIT_CONVERSION = YES;
				GCC_WARN_ABOUT_RETURN_TYPE = YES_ERROR;
				GCC_WARN_UNDECLARED_SELECTOR = YES;
				GCC_WARN_UNINITIALIZED_AUTOS = YES_AGGRESSIVE;
				GCC_WARN_UNUSED_FUNCTION = YES;
				GCC_WARN_UNUSED_VARIABLE = YES;
				IPHONEOS_DEPLOYMENT_TARGET = 12.1;
				MTL_ENABLE_DEBUG_INFO = NO;
				MTL_FAST_MATH = YES;
				SDKROOT = iphoneos;
				SWIFT_COMPILATION_MODE = wholemodule;
				SWIFT_OPTIMIZATION_LEVEL = "-O";
				VALIDATE_PRODUCT = YES;
			};
			name = Release;
		};
		C7874BC521AEAC8800A487EA /* Debug */ = {
			isa = XCBuildConfiguration;
			baseConfigurationReference = 41AC979398043D96838DC8DE /* Pods-CoreDataa.debug.xcconfig */;
			buildSettings = {
				ASSETCATALOG_COMPILER_APPICON_NAME = AppIcon;
				CODE_SIGN_STYLE = Automatic;
				DEVELOPMENT_TEAM = WC72QNYT4F;
				INFOPLIST_FILE = CoreDataa/Info.plist;
				LD_RUNPATH_SEARCH_PATHS = (
					"$(inherited)",
					"@executable_path/Frameworks",
				);
				PRODUCT_BUNDLE_IDENTIFIER = sunarc.CoreDataa;
				PRODUCT_NAME = "$(TARGET_NAME)";
				SWIFT_VERSION = 4.2;
				TARGETED_DEVICE_FAMILY = "1,2";
			};
			name = Debug;
		};
		C7874BC621AEAC8800A487EA /* Release */ = {
			isa = XCBuildConfiguration;
			baseConfigurationReference = AE293F68DB2002636A4B5E26 /* Pods-CoreDataa.release.xcconfig */;
			buildSettings = {
				ASSETCATALOG_COMPILER_APPICON_NAME = AppIcon;
				CODE_SIGN_STYLE = Automatic;
				DEVELOPMENT_TEAM = WC72QNYT4F;
				INFOPLIST_FILE = CoreDataa/Info.plist;
				LD_RUNPATH_SEARCH_PATHS = (
					"$(inherited)",
					"@executable_path/Frameworks",
				);
				PRODUCT_BUNDLE_IDENTIFIER = sunarc.CoreDataa;
				PRODUCT_NAME = "$(TARGET_NAME)";
				SWIFT_VERSION = 4.2;
				TARGETED_DEVICE_FAMILY = "1,2";
			};
			name = Release;
		};
/* End XCBuildConfiguration section */

/* Begin XCConfigurationList section */
		C7874BAD21AEAC7D00A487EA /* Build configuration list for PBXProject "CoreDataa" */ = {
			isa = XCConfigurationList;
			buildConfigurations = (
				C7874BC221AEAC8800A487EA /* Debug */,
				C7874BC321AEAC8800A487EA /* Release */,
			);
			defaultConfigurationIsVisible = 0;
			defaultConfigurationName = Release;
		};
		C7874BC421AEAC8800A487EA /* Build configuration list for PBXNativeTarget "CoreDataa" */ = {
			isa = XCConfigurationList;
			buildConfigurations = (
				C7874BC521AEAC8800A487EA /* Debug */,
				C7874BC621AEAC8800A487EA /* Release */,
			);
			defaultConfigurationIsVisible = 0;
			defaultConfigurationName = Release;
		};
/* End XCConfigurationList section */
	};
	rootObject = C7874BAA21AEAC7D00A487EA /* Project object */;
}
